
Microsoft Visual Studio Solution File, Format Version 12.00
# Visual Studio Version 17
VisualStudioVersion = 17.4.33213.308
MinimumVisualStudioVersion = 10.0.40219.1
Project("{FAE04EC0-301F-11D3-BF4B-00C04F79EFBC}") = "Studio-1", "Studio-1.csproj", "{7A98BDDC-1240-43EF-BD54-5380F8C0BEED}"
EndProject
Project("{FAE04EC0-301F-11D3-BF4B-00C04F79EFBC}") = "KeyMenuTest", "..\KeyMenuTest\KeyMenuTest.csproj", "{733E3A3B-8C71-4009-BD86-9322104A896A}"
EndProject
Global
	GlobalSection(SolutionConfigurationPlatforms) = preSolution
		Debug|Any CPU = Debug|Any CPU
		Release|Any CPU = Release|Any CPU
	EndGlobalSection
	GlobalSection(ProjectConfigurationPlatforms) = postSolution
		{7A98BDDC-1240-43EF-BD54-5380F8C0BEED}.Debug|Any CPU.ActiveCfg = Debug|Any CPU
		{7A98BDDC-1240-43EF-BD54-5380F8C0BEED}.Debug|Any CPU.Build.0 = Debug|Any CPU
		{7A98BDDC-1240-43EF-BD54-5380F8C0BEED}.Release|Any CPU.ActiveCfg = Release|Any CPU
		{7A98BDDC-1240-43EF-BD54-5380F8C0BEED}.Release|Any CPU.Build.0 = Release|Any CPU
		{733E3A3B-8C71-4009-BD86-9322104A896A}.Debug|Any CPU.ActiveCfg = Debug|Any CPU
		{733E3A3B-8C71-4009-BD86-9322104A896A}.Debug|Any CPU.Build.0 = Debug|Any CPU
		{733E3A3B-8C71-4009-BD86-9322104A896A}.Release|Any CPU.ActiveCfg = Release|Any CPU
		{733E3A3B-8C71-4009-BD86-9322104A896A}.Release|Any CPU.Build.0 = Release|Any CPU
	EndGlobalSection
	GlobalSection(SolutionProperties) = preSolution
		HideSolutionNode = FALSE
	EndGlobalSection
	GlobalSection(ExtensibilityGlobals) = postSolution
		SolutionGuid = {C33285A4-20C4-4377-B02D-D6C319DC1A5F}
	EndGlobalSection
EndGlobal
