
Microsoft Visual Studio Solution File, Format Version 12.00
# Visual Studio Version 17
VisualStudioVersion = 17.4.33403.182
MinimumVisualStudioVersion = 10.0.40219.1
Project("{FAE04EC0-301F-11D3-BF4B-00C04F79EFBC}") = "Studio-2", "Studio-2.csproj", "{B2658396-8C7B-4ACE-85A6-5243ECEA5305}"
EndProject
Project("{FAE04EC0-301F-11D3-BF4B-00C04F79EFBC}") = "Studio-2.Library", "..\Studio-2.Library\Studio-2.Library.csproj", "{9FA03480-4DA5-4BFF-AFED-AF449BE40DA3}"
EndProject
Global
	GlobalSection(SolutionConfigurationPlatforms) = preSolution
		Debug|Any CPU = Debug|Any CPU
		Release|Any CPU = Release|Any CPU
	EndGlobalSection
	GlobalSection(ProjectConfigurationPlatforms) = postSolution
		{B2658396-8C7B-4ACE-85A6-5243ECEA5305}.Debug|Any CPU.ActiveCfg = Debug|Any CPU
		{B2658396-8C7B-4ACE-85A6-5243ECEA5305}.Debug|Any CPU.Build.0 = Debug|Any CPU
		{B2658396-8C7B-4ACE-85A6-5243ECEA5305}.Release|Any CPU.ActiveCfg = Release|Any CPU
		{B2658396-8C7B-4ACE-85A6-5243ECEA5305}.Release|Any CPU.Build.0 = Release|Any CPU
		{9FA03480-4DA5-4BFF-AFED-AF449BE40DA3}.Debug|Any CPU.ActiveCfg = Debug|Any CPU
		{9FA03480-4DA5-4BFF-AFED-AF449BE40DA3}.Debug|Any CPU.Build.0 = Debug|Any CPU
		{9FA03480-4DA5-4BFF-AFED-AF449BE40DA3}.Release|Any CPU.ActiveCfg = Release|Any CPU
		{9FA03480-4DA5-4BFF-AFED-AF449BE40DA3}.Release|Any CPU.Build.0 = Release|Any CPU
	EndGlobalSection
	GlobalSection(SolutionProperties) = preSolution
		HideSolutionNode = FALSE
	EndGlobalSection
	GlobalSection(ExtensibilityGlobals) = postSolution
		SolutionGuid = {A91A39B0-23C6-4ED7-BE64-C13718104769}
	EndGlobalSection
EndGlobal
